
Microsoft Visual Studio Solution File, Format Version 11.00
# Visual Studio 2010
Project("{8BC9CEB8-8B4A-11D0-8D11-00A0C91BC942}") = "hideconsole", "hideconsole\hideconsole.vcxproj", "{2FEA8C02-1FEB-4E4F-903B-75D67E443C7C}"
EndProject
Global
	GlobalSection(SolutionConfigurationPlatforms) = preSolution
		Debug|Win32 = Debug|Win32
		Release (static)|Win32 = Release (static)|Win32
		Release|Win32 = Release|Win32
	EndGlobalSection
	GlobalSection(ProjectConfigurationPlatforms) = postSolution
		{2FEA8C02-1FEB-4E4F-903B-75D67E443C7C}.Debug|Win32.ActiveCfg = Debug|Win32
		{2FEA8C02-1FEB-4E4F-903B-75D67E443C7C}.Debug|Win32.Build.0 = Debug|Win32
		{2FEA8C02-1FEB-4E4F-903B-75D67E443C7C}.Release (static)|Win32.ActiveCfg = Release (static)|Win32
		{2FEA8C02-1FEB-4E4F-903B-75D67E443C7C}.Release (static)|Win32.Build.0 = Release (static)|Win32
		{2FEA8C02-1FEB-4E4F-903B-75D67E443C7C}.Release|Win32.ActiveCfg = Release|Win32
		{2FEA8C02-1FEB-4E4F-903B-75D67E443C7C}.Release|Win32.Build.0 = Release|Win32
	EndGlobalSection
	GlobalSection(SolutionProperties) = preSolution
		HideSolutionNode = FALSE
	EndGlobalSection
EndGlobal
